[root]
name = "tq"
version = "0.1.0"
dependencies = [
 "toml 0.3.0 (registry+https://github.com/rust-lang/crates.io-index)",
]

[[package]]
name = "serde"
version = "0.9.7"
source = "registry+https://github.com/rust-lang/crates.io-index"

[[package]]
name = "toml"
version = "0.3.0"
source = "registry+https://github.com/rust-lang/crates.io-index"
dependencies = [
 "serde 0.9.7 (registry+https://github.com/rust-lang/crates.io-index)",
]

[metadata]
"checksum serde 0.9.7 (registry+https://github.com/rust-lang/crates.io-index)" = "1e0ed773960f90a78567fcfbe935284adf50c5d7cf119aa2cf43bb0b4afa69bb"
"checksum toml 0.3.0 (registry+https://github.com/rust-lang/crates.io-index)" = "08272367dd2e766db3fa38f068067d17aa6a9dfd7259af24b3927db92f1e0c2f"
