[root]
name = "promote-release"
version = "0.1.0"
dependencies = [
 "curl 0.4.4 (registry+https://github.com/rust-lang/crates.io-index)",
 "flate2 0.2.17 (registry+https://github.com/rust-lang/crates.io-index)",
 "fs2 0.4.1 (registry+https://github.com/rust-lang/crates.io-index)",
 "tar 0.4.10 (registry+https://github.com/rust-lang/crates.io-index)",
 "toml 0.2.1 (registry+https://github.com/rust-lang/crates.io-index)",
]

[[package]]
name = "curl"
version = "0.4.4"
source = "registry+https://github.com/rust-lang/crates.io-index"
dependencies = [
 "curl-sys 0.3.7 (registry+https://github.com/rust-lang/crates.io-index)",
 "libc 0.2.20 (registry+https://github.com/rust-lang/crates.io-index)",
 "openssl-probe 0.1.0 (registry+https://github.com/rust-lang/crates.io-index)",
 "openssl-sys 0.9.6 (registry+https://github.com/rust-lang/crates.io-index)",
 "winapi 0.2.8 (registry+https://github.com/rust-lang/crates.io-index)",
]

[[package]]
name = "curl-sys"
version = "0.3.7"
source = "registry+https://github.com/rust-lang/crates.io-index"
dependencies = [
 "gcc 0.3.42 (registry+https://github.com/rust-lang/crates.io-index)",
 "libc 0.2.20 (registry+https://github.com/rust-lang/crates.io-index)",
 "libz-sys 1.0.12 (registry+https://github.com/rust-lang/crates.io-index)",
 "openssl-sys 0.9.6 (registry+https://github.com/rust-lang/crates.io-index)",
 "pkg-config 0.3.9 (registry+https://github.com/rust-lang/crates.io-index)",
 "winapi 0.2.8 (registry+https://github.com/rust-lang/crates.io-index)",
]

[[package]]
name = "error-chain"
version = "0.7.2"
source = "registry+https://github.com/rust-lang/crates.io-index"

[[package]]
name = "filetime"
version = "0.1.10"
source = "registry+https://github.com/rust-lang/crates.io-index"
dependencies = [
 "libc 0.2.20 (registry+https://github.com/rust-lang/crates.io-index)",
]

[[package]]
name = "flate2"
version = "0.2.17"
source = "registry+https://github.com/rust-lang/crates.io-index"
dependencies = [
 "libc 0.2.20 (registry+https://github.com/rust-lang/crates.io-index)",
 "miniz-sys 0.1.9 (registry+https://github.com/rust-lang/crates.io-index)",
]

[[package]]
name = "fs2"
version = "0.4.1"
source = "registry+https://github.com/rust-lang/crates.io-index"
dependencies = [
 "kernel32-sys 0.2.2 (registry+https://github.com/rust-lang/crates.io-index)",
 "libc 0.2.20 (registry+https://github.com/rust-lang/crates.io-index)",
 "winapi 0.2.8 (registry+https://github.com/rust-lang/crates.io-index)",
]

[[package]]
name = "gcc"
version = "0.3.42"
source = "registry+https://github.com/rust-lang/crates.io-index"

[[package]]
name = "gdi32-sys"
version = "0.2.0"
source = "registry+https://github.com/rust-lang/crates.io-index"
dependencies = [
 "winapi 0.2.8 (registry+https://github.com/rust-lang/crates.io-index)",
 "winapi-build 0.1.1 (registry+https://github.com/rust-lang/crates.io-index)",
]

[[package]]
name = "kernel32-sys"
version = "0.2.2"
source = "registry+https://github.com/rust-lang/crates.io-index"
dependencies = [
 "winapi 0.2.8 (registry+https://github.com/rust-lang/crates.io-index)",
 "winapi-build 0.1.1 (registry+https://github.com/rust-lang/crates.io-index)",
]

[[package]]
name = "libc"
version = "0.2.20"
source = "registry+https://github.com/rust-lang/crates.io-index"

[[package]]
name = "libz-sys"
version = "1.0.12"
source = "registry+https://github.com/rust-lang/crates.io-index"
dependencies = [
 "gcc 0.3.42 (registry+https://github.com/rust-lang/crates.io-index)",
 "libc 0.2.20 (registry+https://github.com/rust-lang/crates.io-index)",
 "pkg-config 0.3.9 (registry+https://github.com/rust-lang/crates.io-index)",
]

[[package]]
name = "metadeps"
version = "1.1.1"
source = "registry+https://github.com/rust-lang/crates.io-index"
dependencies = [
 "error-chain 0.7.2 (registry+https://github.com/rust-lang/crates.io-index)",
 "pkg-config 0.3.9 (registry+https://github.com/rust-lang/crates.io-index)",
 "toml 0.2.1 (registry+https://github.com/rust-lang/crates.io-index)",
]

[[package]]
name = "miniz-sys"
version = "0.1.9"
source = "registry+https://github.com/rust-lang/crates.io-index"
dependencies = [
 "gcc 0.3.42 (registry+https://github.com/rust-lang/crates.io-index)",
 "libc 0.2.20 (registry+https://github.com/rust-lang/crates.io-index)",
]

[[package]]
name = "openssl-probe"
version = "0.1.0"
source = "registry+https://github.com/rust-lang/crates.io-index"

[[package]]
name = "openssl-sys"
version = "0.9.6"
source = "registry+https://github.com/rust-lang/crates.io-index"
dependencies = [
 "gdi32-sys 0.2.0 (registry+https://github.com/rust-lang/crates.io-index)",
 "libc 0.2.20 (registry+https://github.com/rust-lang/crates.io-index)",
 "metadeps 1.1.1 (registry+https://github.com/rust-lang/crates.io-index)",
 "user32-sys 0.2.0 (registry+https://github.com/rust-lang/crates.io-index)",
]

[[package]]
name = "pkg-config"
version = "0.3.9"
source = "registry+https://github.com/rust-lang/crates.io-index"

[[package]]
name = "rustc-serialize"
version = "0.3.22"
source = "registry+https://github.com/rust-lang/crates.io-index"

[[package]]
name = "tar"
version = "0.4.10"
source = "registry+https://github.com/rust-lang/crates.io-index"
dependencies = [
 "filetime 0.1.10 (registry+https://github.com/rust-lang/crates.io-index)",
 "libc 0.2.20 (registry+https://github.com/rust-lang/crates.io-index)",
 "xattr 0.1.10 (registry+https://github.com/rust-lang/crates.io-index)",
]

[[package]]
name = "toml"
version = "0.2.1"
source = "registry+https://github.com/rust-lang/crates.io-index"
dependencies = [
 "rustc-serialize 0.3.22 (registry+https://github.com/rust-lang/crates.io-index)",
]

[[package]]
name = "user32-sys"
version = "0.2.0"
source = "registry+https://github.com/rust-lang/crates.io-index"
dependencies = [
 "winapi 0.2.8 (registry+https://github.com/rust-lang/crates.io-index)",
 "winapi-build 0.1.1 (registry+https://github.com/rust-lang/crates.io-index)",
]

[[package]]
name = "winapi"
version = "0.2.8"
source = "registry+https://github.com/rust-lang/crates.io-index"

[[package]]
name = "winapi-build"
version = "0.1.1"
source = "registry+https://github.com/rust-lang/crates.io-index"

[[package]]
name = "xattr"
version = "0.1.10"
source = "registry+https://github.com/rust-lang/crates.io-index"
dependencies = [
 "libc 0.2.20 (registry+https://github.com/rust-lang/crates.io-index)",
]

[metadata]
"checksum curl 0.4.4 (registry+https://github.com/rust-lang/crates.io-index)" = "52f97f136f098f09c5d377e150afde7b29f43690cd1d80edb71409fda11c904e"
"checksum curl-sys 0.3.7 (registry+https://github.com/rust-lang/crates.io-index)" = "ec50c305e9de46198e8911556355f4aea46f2002cb25d2388d421404e91b60d9"
"checksum error-chain 0.7.2 (registry+https://github.com/rust-lang/crates.io-index)" = "318cb3c71ee4cdea69fdc9e15c173b245ed6063e1709029e8fd32525a881120f"
"checksum filetime 0.1.10 (registry+https://github.com/rust-lang/crates.io-index)" = "5363ab8e4139b8568a6237db5248646e5a8a2f89bd5ccb02092182b11fd3e922"
"checksum flate2 0.2.17 (registry+https://github.com/rust-lang/crates.io-index)" = "d4e4d0c15ef829cbc1b7cda651746be19cceeb238be7b1049227b14891df9e25"
"checksum fs2 0.4.1 (registry+https://github.com/rust-lang/crates.io-index)" = "34edaee07555859dc13ca387e6ae05686bb4d0364c95d649b6dab959511f4baf"
"checksum gcc 0.3.42 (registry+https://github.com/rust-lang/crates.io-index)" = "291055c78f59ca3d84c99026c9501c469413d386bb46be1e1cf1d285cd1db3b0"
"checksum gdi32-sys 0.2.0 (registry+https://github.com/rust-lang/crates.io-index)" = "0912515a8ff24ba900422ecda800b52f4016a56251922d397c576bf92c690518"
"checksum kernel32-sys 0.2.2 (registry+https://github.com/rust-lang/crates.io-index)" = "7507624b29483431c0ba2d82aece8ca6cdba9382bff4ddd0f7490560c056098d"
"checksum libc 0.2.20 (registry+https://github.com/rust-lang/crates.io-index)" = "684f330624d8c3784fb9558ca46c4ce488073a8d22450415c5eb4f4cfb0d11b5"
"checksum libz-sys 1.0.12 (registry+https://github.com/rust-lang/crates.io-index)" = "7616099a575493da60cddc1174b686fcfb00ece89dc6f61f31ff47c35f07bbe8"
"checksum metadeps 1.1.1 (registry+https://github.com/rust-lang/crates.io-index)" = "829fffe7ea1d747e23f64be972991bc516b2f1ac2ae4a3b33d8bea150c410151"
"checksum miniz-sys 0.1.9 (registry+https://github.com/rust-lang/crates.io-index)" = "28eaee17666671fa872e567547e8428e83308ebe5808cdf6a0e28397dbe2c726"
"checksum openssl-probe 0.1.0 (registry+https://github.com/rust-lang/crates.io-index)" = "756d49c8424483a3df3b5d735112b4da22109ced9a8294f1f5cdf80fb3810919"
"checksum openssl-sys 0.9.6 (registry+https://github.com/rust-lang/crates.io-index)" = "b1482f9a06f56c906007e17ea14d73d102210b5d27bc948bf5e175f493f3f7c3"
"checksum pkg-config 0.3.9 (registry+https://github.com/rust-lang/crates.io-index)" = "3a8b4c6b8165cd1a1cd4b9b120978131389f64bdaf456435caa41e630edba903"
"checksum rustc-serialize 0.3.22 (registry+https://github.com/rust-lang/crates.io-index)" = "237546c689f20bb44980270c73c3b9edd0891c1be49cc1274406134a66d3957b"
"checksum tar 0.4.10 (registry+https://github.com/rust-lang/crates.io-index)" = "1eb3bf6ec92843ca93f4fcfb5fc6dfe30534815b147885db4b5759b8e2ff7d52"
"checksum toml 0.2.1 (registry+https://github.com/rust-lang/crates.io-index)" = "736b60249cb25337bc196faa43ee12c705e426f3d55c214d73a4e7be06f92cb4"
"checksum user32-sys 0.2.0 (registry+https://github.com/rust-lang/crates.io-index)" = "4ef4711d107b21b410a3a974b1204d9accc8b10dad75d8324b5d755de1617d47"
"checksum winapi 0.2.8 (registry+https://github.com/rust-lang/crates.io-index)" = "167dc9d6949a9b857f3451275e911c3f44255842c1f7a76f33c55103a909087a"
"checksum winapi-build 0.1.1 (registry+https://github.com/rust-lang/crates.io-index)" = "2d315eee3b34aca4797b2da6b13ed88266e6d612562a0c46390af8299fc699bc"
"checksum xattr 0.1.10 (registry+https://github.com/rust-lang/crates.io-index)" = "06d6f0e8fd6536f3c623afab15488d87cf3a5dbb907361a22c05d739881136d7"
